<?xml version="1.0" encoding="utf-8"?>
<Project ToolsVersion="4.0" xmlns="http://schemas.microsoft.com/developer/msbuild/2003">
  <ItemGroup>
    <Filter Include="Source Files">
      <UniqueIdentifier>{de7ab5a8-fb64-4c3a-879a-36ff5c2c58f0}</UniqueIdentifier>
      <Extensions>cpp;c;cxx;rc;def;r;odl;idl;hpj;bat</Extensions>
    </Filter>
    <Filter Include="Header Files">
      <UniqueIdentifier>{4991285e-eb62-4248-859b-679be00bea2f}</UniqueIdentifier>
      <Extensions>h;hpp;hxx;hm;inl</Extensions>
    </Filter>
    <Filter Include="Resource Files">
      <UniqueIdentifier>{4bf517f0-2652-4d14-905a-a8944a4e349d}</UniqueIdentifier>
      <Extensions>ico;cur;bmp;dlg;rc2;rct;bin;rgs;gif;jpg;jpeg;jpe</Extensions>
    </Filter>
  </ItemGroup>
  <ItemGroup>
    <ClCompile Include="..\my_inc2\Comp_LZS.cpp">
      <Filter>Source Files</Filter>
    </ClCompile>
    <ClCompile Include="..\my_inc2\Comp_pac.cpp">
      <Filter>Source Files</Filter>
    </ClCompile>
    <ClCompile Include="..\my_inc2\ctrl.cpp">
      <Filter>Source Files</Filter>
    </ClCompile>
    <ClCompile Include="..\my_inc2\d3d_draw.cpp">
      <Filter>Source Files</Filter>
    </ClCompile>
    <ClCompile Include="..\my_inc2\d3d_Font.cpp">
      <Filter>Source Files</Filter>
    </ClCompile>
    <ClCompile Include="..\my_inc2\d3d_main.cpp">
      <Filter>Source Files</Filter>
    </ClCompile>
    <ClCompile Include="..\my_inc2\d3d_text.cpp">
      <Filter>Source Files</Filter>
    </ClCompile>
    <ClCompile Include="..\my_inc2\dispSprite.cpp">
      <Filter>Source Files</Filter>
    </ClCompile>
    <ClCompile Include="..\my_inc2\Enum.cpp">
      <Filter>Source Files</Filter>
    </ClCompile>
    <ClCompile Include="src\Escript.cpp">
      <Filter>Source Files</Filter>
    </ClCompile>
    <ClCompile Include="..\my_inc2\GlobalDraw.cpp">
      <Filter>Source Files</Filter>
    </ClCompile>
    <ClCompile Include="src\GM_Avg.cpp">
      <Filter>Source Files</Filter>
    </ClCompile>
    <ClCompile Include="src\GM_Battle.cpp">
      <Filter>Source Files</Filter>
    </ClCompile>
    <ClCompile Include="src\GM_Castle.cpp">
      <Filter>Source Files</Filter>
    </ClCompile>
    <ClCompile Include="src\GM_Char.cpp">
      <Filter>Source Files</Filter>
    </ClCompile>
    <ClCompile Include="src\GM_CharThink.cpp">
      <Filter>Source Files</Filter>
    </ClCompile>
    <ClCompile Include="src\GM_Item.cpp">
      <Filter>Source Files</Filter>
    </ClCompile>
    <ClCompile Include="src\GM_Magic.cpp">
      <Filter>Source Files</Filter>
    </ClCompile>
    <ClCompile Include="src\GM_Main.cpp">
      <Filter>Source Files</Filter>
    </ClCompile>
    <ClCompile Include="src\GM_SetBmp.cpp">
      <Filter>Source Files</Filter>
    </ClCompile>
    <ClCompile Include="src\GM_Title.cpp">
      <Filter>Source Files</Filter>
    </ClCompile>
    <ClCompile Include="src\GM_World.cpp">
      <Filter>Source Files</Filter>
    </ClCompile>
    <ClCompile Include="..\my_inc2\keybord.cpp">
      <Filter>Source Files</Filter>
    </ClCompile>
    <ClCompile Include="..\my_inc2\mouse.cpp">
      <Filter>Source Files</Filter>
    </ClCompile>
    <ClCompile Include="..\my_inc2\readFile.cpp">
      <Filter>Source Files</Filter>
    </ClCompile>
    <ClCompile Include="..\my_inc2\soundDS.cpp">
      <Filter>Source Files</Filter>
    </ClCompile>
    <ClCompile Include="..\my_inc2\STD_Debug.cpp">
      <Filter>Source Files</Filter>
    </ClCompile>
    <ClCompile Include="..\my_inc2\STD_File.cpp">
      <Filter>Source Files</Filter>
    </ClCompile>
    <ClCompile Include="..\my_inc2\STD_Windows.cpp">
      <Filter>Source Files</Filter>
    </ClCompile>
    <ClCompile Include="..\my_inc2\tga.cpp">
      <Filter>Source Files</Filter>
    </ClCompile>
    <ClCompile Include="src\windows.cpp">
      <Filter>Source Files</Filter>
    </ClCompile>
    <ClCompile Include="..\..\OGG\oggDec\oggDec.cpp">
      <Filter>Source Files</Filter>
    </ClCompile>
  </ItemGroup>
  <ItemGroup>
    <ResourceCompile Include="src\Script1.rc">
      <Filter>Source Files</Filter>
    </ResourceCompile>
  </ItemGroup>
  <ItemGroup>
    <ClInclude Include="..\my_inc2\Bmp.h">
      <Filter>Header Files</Filter>
    </ClInclude>
    <ClInclude Include="..\my_inc2\ClCommon.h">
      <Filter>Header Files</Filter>
    </ClInclude>
    <ClInclude Include="..\my_inc2\Comp_BmpPac.h">
      <Filter>Header Files</Filter>
    </ClInclude>
    <ClInclude Include="..\my_inc2\comp_LZS.h">
      <Filter>Header Files</Filter>
    </ClInclude>
    <ClInclude Include="..\my_inc2\comp_pac.h">
      <Filter>Header Files</Filter>
    </ClInclude>
    <ClInclude Include="..\my_inc2\ctrl.h">
      <Filter>Header Files</Filter>
    </ClInclude>
    <ClInclude Include="..\my_inc2\d3d_draw.h">
      <Filter>Header Files</Filter>
    </ClInclude>
    <ClInclude Include="..\my_inc2\d3d_Font.h">
      <Filter>Header Files</Filter>
    </ClInclude>
    <ClInclude Include="..\my_inc2\d3d_main.h">
      <Filter>Header Files</Filter>
    </ClInclude>
    <ClInclude Include="..\my_inc2\d3d_text.h">
      <Filter>Header Files</Filter>
    </ClInclude>
    <ClInclude Include="src\DAT_CharName.h">
      <Filter>Header Files</Filter>
    </ClInclude>
    <ClInclude Include="src\DAT_ItemParam.h">
      <Filter>Header Files</Filter>
    </ClInclude>
    <ClInclude Include="src\DAT_MagicParam.h">
      <Filter>Header Files</Filter>
    </ClInclude>
    <ClInclude Include="src\DAT_ScriptListName.h">
      <Filter>Header Files</Filter>
    </ClInclude>
    <ClInclude Include="..\my_inc2\DISP.H">
      <Filter>Header Files</Filter>
    </ClInclude>
    <ClInclude Include="..\my_inc2\dispSprite.h">
      <Filter>Header Files</Filter>
    </ClInclude>
    <ClInclude Include="..\my_inc2\Draw.h">
      <Filter>Header Files</Filter>
    </ClInclude>
    <ClInclude Include="..\my_inc2\DrawPrim.h">
      <Filter>Header Files</Filter>
    </ClInclude>
    <ClInclude Include="..\my_inc2\Enum.h">
      <Filter>Header Files</Filter>
    </ClInclude>
    <ClInclude Include="mes\Escr.h">
      <Filter>Header Files</Filter>
    </ClInclude>
    <ClInclude Include="src\Escript.h">
      <Filter>Header Files</Filter>
    </ClInclude>
    <ClInclude Include="..\my_inc2\font.h">
      <Filter>Header Files</Filter>
    </ClInclude>
    <ClInclude Include="..\my_inc2\GlobalDraw.h">
      <Filter>Header Files</Filter>
    </ClInclude>
    <ClInclude Include="src\GM_Avg.h">
      <Filter>Header Files</Filter>
    </ClInclude>
    <ClInclude Include="src\GM_Battle.h">
      <Filter>Header Files</Filter>
    </ClInclude>
    <ClInclude Include="src\GM_Char.h">
      <Filter>Header Files</Filter>
    </ClInclude>
    <ClInclude Include="src\GM_CharThink.h">
      <Filter>Header Files</Filter>
    </ClInclude>
    <ClInclude Include="src\GM_Item.h">
      <Filter>Header Files</Filter>
    </ClInclude>
    <ClInclude Include="src\GM_Magic.h">
      <Filter>Header Files</Filter>
    </ClInclude>
    <ClInclude Include="src\GM_Main.h">
      <Filter>Header Files</Filter>
    </ClInclude>
    <ClInclude Include="src\GM_SetBmp.h">
      <Filter>Header Files</Filter>
    </ClInclude>
    <ClInclude Include="src\GM_World.h">
      <Filter>Header Files</Filter>
    </ClInclude>
    <ClInclude Include="..\my_inc2\keybord.h">
      <Filter>Header Files</Filter>
    </ClInclude>
    <ClInclude Include="src\main.h">
      <Filter>Header Files</Filter>
    </ClInclude>
    <ClInclude Include="..\my_inc2\mouse.h">
      <Filter>Header Files</Filter>
    </ClInclude>
    <ClInclude Include="..\my_inc2\Palette.h">
      <Filter>Header Files</Filter>
    </ClInclude>
    <ClInclude Include="..\my_inc2\readFile.h">
      <Filter>Header Files</Filter>
    </ClInclude>
    <ClInclude Include="src\resource.h">
      <Filter>Header Files</Filter>
    </ClInclude>
    <ClInclude Include="..\my_inc2\soundDS.h">
      <Filter>Header Files</Filter>
    </ClInclude>
    <ClInclude Include="..\my_inc2\STD_Debug.h">
      <Filter>Header Files</Filter>
    </ClInclude>
    <ClInclude Include="..\my_inc2\STD_File.h">
      <Filter>Header Files</Filter>
    </ClInclude>
    <ClInclude Include="..\my_inc2\STD_Windows.h">
      <Filter>Header Files</Filter>
    </ClInclude>
    <ClInclude Include="..\my_inc2\text.h">
      <Filter>Header Files</Filter>
    </ClInclude>
    <ClInclude Include="..\my_inc2\tga.h">
      <Filter>Header Files</Filter>
    </ClInclude>
    <ClInclude Include="..\XviD\XVidDec_60\bin\xvid.h">
      <Filter>Header Files</Filter>
    </ClInclude>
    <ClInclude Include="..\XviD\XVidDec_60\bin\xvid_dec.h">
      <Filter>Header Files</Filter>
    </ClInclude>
    <ClInclude Include="..\..\OGG\vorbis\include\vorbis\codec.h">
      <Filter>Header Files</Filter>
    </ClInclude>
    <ClInclude Include="..\..\OGG\oggDec\oggDec.h">
      <Filter>Header Files</Filter>
    </ClInclude>
  </ItemGroup>
  <ItemGroup>
    <Image Include="src\icon1.ico">
      <Filter>Resource Files</Filter>
    </Image>
  </ItemGroup>
</Project>